
Microsoft Visual Studio Solution File, Format Version 12.00
# Visual Studio 15
VisualStudioVersion = 15.0.28307.1321
MinimumVisualStudioVersion = 10.0.40219.1
Project("{FAE04EC0-301F-11D3-BF4B-00C04F79EFBC}") = "3_hafta", "3_hafta\3_hafta.csproj", "{8563A32C-AFF1-44E9-AA4F-9E44827463DE}"
EndProject
Project("{FAE04EC0-301F-11D3-BF4B-00C04F79EFBC}") = "Matematik", "Matematik\Matematik.csproj", "{36AB8E0A-FBFB-4376-B143-A8036758AC2B}"
EndProject
Global
	GlobalSection(SolutionConfigurationPlatforms) = preSolution
		Debug|Any CPU = Debug|Any CPU
		Release|Any CPU = Release|Any CPU
	EndGlobalSection
	GlobalSection(ProjectConfigurationPlatforms) = postSolution
		{8563A32C-AFF1-44E9-AA4F-9E44827463DE}.Debug|Any CPU.ActiveCfg = Debug|Any CPU
		{8563A32C-AFF1-44E9-AA4F-9E44827463DE}.Debug|Any CPU.Build.0 = Debug|Any CPU
		{8563A32C-AFF1-44E9-AA4F-9E44827463DE}.Release|Any CPU.ActiveCfg = Release|Any CPU
		{8563A32C-AFF1-44E9-AA4F-9E44827463DE}.Release|Any CPU.Build.0 = Release|Any CPU
		{36AB8E0A-FBFB-4376-B143-A8036758AC2B}.Debug|Any CPU.ActiveCfg = Debug|Any CPU
		{36AB8E0A-FBFB-4376-B143-A8036758AC2B}.Debug|Any CPU.Build.0 = Debug|Any CPU
		{36AB8E0A-FBFB-4376-B143-A8036758AC2B}.Release|Any CPU.ActiveCfg = Release|Any CPU
		{36AB8E0A-FBFB-4376-B143-A8036758AC2B}.Release|Any CPU.Build.0 = Release|Any CPU
	EndGlobalSection
	GlobalSection(SolutionProperties) = preSolution
		HideSolutionNode = FALSE
	EndGlobalSection
	GlobalSection(ExtensibilityGlobals) = postSolution
		SolutionGuid = {1FF288C0-ECF9-4002-BCB7-7C8E1847E9B2}
	EndGlobalSection
EndGlobal
